
Microsoft Visual Studio Solution File, Format Version 12.00
# Visual Studio Version 16
VisualStudioVersion = 16.0.29102.190
MinimumVisualStudioVersion = 10.0.40219.1
Project("{9A19103F-16F7-4668-BE54-9A1E7A4F7556}") = "Bankrupt.Data", "Bankrupt.Data\Bankrupt.Data.csproj", "{F65B008C-889D-41D1-BA1C-019765F6965E}"
EndProject
Project("{9A19103F-16F7-4668-BE54-9A1E7A4F7556}") = "Bankrupt.Domain.Model", "Bankrupt.Model\Bankrupt.Domain.Model.csproj", "{55110191-A3C6-4EE3-9709-D254738382EB}"
EndProject
Project("{2150E333-8FDC-42A3-9474-1A3956D46DE8}") = "4 - Infra", "4 - Infra", "{FB6E46DA-4B64-4E02-950E-C8E48A1A2267}"
EndProject
Project("{2150E333-8FDC-42A3-9474-1A3956D46DE8}") = "3 - Domain", "3 - Domain", "{114244B3-A5B6-4C64-8154-A5548224E399}"
EndProject
Project("{2150E333-8FDC-42A3-9474-1A3956D46DE8}") = "2 - Application", "2 - Application", "{DF249B35-837A-4AC8-A5FB-5D6EE19F5232}"
EndProject
Project("{2150E333-8FDC-42A3-9474-1A3956D46DE8}") = "1 - UI", "1 - UI", "{3750ABB0-A741-4FE5-B844-ED9E1477AFC7}"
EndProject
Project("{9A19103F-16F7-4668-BE54-9A1E7A4F7556}") = "Bankrupt.Domain", "Bankrupt.Domain\Bankrupt.Domain.csproj", "{2973896A-83E6-42A8-A625-5C09707484B5}"
EndProject
Project("{9A19103F-16F7-4668-BE54-9A1E7A4F7556}") = "Bankrupt.Domain.Resources", "Bankrupt.Domain.Resources\Bankrupt.Domain.Resources.csproj", "{A06A8E43-48B9-46BE-B9BA-825B3A60757F}"
EndProject
Project("{9A19103F-16F7-4668-BE54-9A1E7A4F7556}") = "Bankrupt.Application", "Bankrupt.Application\Bankrupt.Application.csproj", "{D33EB1D0-8BF9-40EE-86A8-2AED6B6C4D14}"
EndProject
Project("{9A19103F-16F7-4668-BE54-9A1E7A4F7556}") = "Bankrupt.Application.Resources", "Bankrupt.Application.Resources\Bankrupt.Application.Resources.csproj", "{48EAA9D8-4441-4BC9-BCF0-C412FD2A71AA}"
EndProject
Project("{2150E333-8FDC-42A3-9474-1A3956D46DE8}") = "4.1 - Data", "4.1 - Data", "{84AFDCB3-6CB6-4FFB-8924-51897DE5C75D}"
EndProject
Project("{2150E333-8FDC-42A3-9474-1A3956D46DE8}") = "4.2 - CrossCutting", "4.2 - CrossCutting", "{2B1E82F2-B01A-4EBA-A966-BB458F04BD21}"
EndProject
Project("{9A19103F-16F7-4668-BE54-9A1E7A4F7556}") = "Bankrupt.CrossCutting.IoC", "Bankrupt.Infra.IoC\Bankrupt.CrossCutting.IoC.csproj", "{921CFBA4-FED1-4897-BEC1-A1D739238BA5}"
EndProject
Project("{9A19103F-16F7-4668-BE54-9A1E7A4F7556}") = "Bankrupt.Mvc", "Bankrupt.Mvc\Bankrupt.Mvc.csproj", "{876E723A-21D2-46B9-81C1-C2E64331162A}"
EndProject
Global
	GlobalSection(SolutionConfigurationPlatforms) = preSolution
		Debug|Any CPU = Debug|Any CPU
		Release|Any CPU = Release|Any CPU
	EndGlobalSection
	GlobalSection(ProjectConfigurationPlatforms) = postSolution
		{F65B008C-889D-41D1-BA1C-019765F6965E}.Debug|Any CPU.ActiveCfg = Debug|Any CPU
		{F65B008C-889D-41D1-BA1C-019765F6965E}.Debug|Any CPU.Build.0 = Debug|Any CPU
		{F65B008C-889D-41D1-BA1C-019765F6965E}.Release|Any CPU.ActiveCfg = Release|Any CPU
		{F65B008C-889D-41D1-BA1C-019765F6965E}.Release|Any CPU.Build.0 = Release|Any CPU
		{55110191-A3C6-4EE3-9709-D254738382EB}.Debug|Any CPU.ActiveCfg = Debug|Any CPU
		{55110191-A3C6-4EE3-9709-D254738382EB}.Debug|Any CPU.Build.0 = Debug|Any CPU
		{55110191-A3C6-4EE3-9709-D254738382EB}.Release|Any CPU.ActiveCfg = Release|Any CPU
		{55110191-A3C6-4EE3-9709-D254738382EB}.Release|Any CPU.Build.0 = Release|Any CPU
		{2973896A-83E6-42A8-A625-5C09707484B5}.Debug|Any CPU.ActiveCfg = Debug|Any CPU
		{2973896A-83E6-42A8-A625-5C09707484B5}.Debug|Any CPU.Build.0 = Debug|Any CPU
		{2973896A-83E6-42A8-A625-5C09707484B5}.Release|Any CPU.ActiveCfg = Release|Any CPU
		{2973896A-83E6-42A8-A625-5C09707484B5}.Release|Any CPU.Build.0 = Release|Any CPU
		{A06A8E43-48B9-46BE-B9BA-825B3A60757F}.Debug|Any CPU.ActiveCfg = Debug|Any CPU
		{A06A8E43-48B9-46BE-B9BA-825B3A60757F}.Debug|Any CPU.Build.0 = Debug|Any CPU
		{A06A8E43-48B9-46BE-B9BA-825B3A60757F}.Release|Any CPU.ActiveCfg = Release|Any CPU
		{A06A8E43-48B9-46BE-B9BA-825B3A60757F}.Release|Any CPU.Build.0 = Release|Any CPU
		{D33EB1D0-8BF9-40EE-86A8-2AED6B6C4D14}.Debug|Any CPU.ActiveCfg = Debug|Any CPU
		{D33EB1D0-8BF9-40EE-86A8-2AED6B6C4D14}.Debug|Any CPU.Build.0 = Debug|Any CPU
		{D33EB1D0-8BF9-40EE-86A8-2AED6B6C4D14}.Release|Any CPU.ActiveCfg = Release|Any CPU
		{D33EB1D0-8BF9-40EE-86A8-2AED6B6C4D14}.Release|Any CPU.Build.0 = Release|Any CPU
		{48EAA9D8-4441-4BC9-BCF0-C412FD2A71AA}.Debug|Any CPU.ActiveCfg = Debug|Any CPU
		{48EAA9D8-4441-4BC9-BCF0-C412FD2A71AA}.Debug|Any CPU.Build.0 = Debug|Any CPU
		{48EAA9D8-4441-4BC9-BCF0-C412FD2A71AA}.Release|Any CPU.ActiveCfg = Release|Any CPU
		{48EAA9D8-4441-4BC9-BCF0-C412FD2A71AA}.Release|Any CPU.Build.0 = Release|Any CPU
		{921CFBA4-FED1-4897-BEC1-A1D739238BA5}.Debug|Any CPU.ActiveCfg = Debug|Any CPU
		{921CFBA4-FED1-4897-BEC1-A1D739238BA5}.Debug|Any CPU.Build.0 = Debug|Any CPU
		{921CFBA4-FED1-4897-BEC1-A1D739238BA5}.Release|Any CPU.ActiveCfg = Release|Any CPU
		{921CFBA4-FED1-4897-BEC1-A1D739238BA5}.Release|Any CPU.Build.0 = Release|Any CPU
		{876E723A-21D2-46B9-81C1-C2E64331162A}.Debug|Any CPU.ActiveCfg = Debug|Any CPU
		{876E723A-21D2-46B9-81C1-C2E64331162A}.Debug|Any CPU.Build.0 = Debug|Any CPU
		{876E723A-21D2-46B9-81C1-C2E64331162A}.Release|Any CPU.ActiveCfg = Release|Any CPU
		{876E723A-21D2-46B9-81C1-C2E64331162A}.Release|Any CPU.Build.0 = Release|Any CPU
	EndGlobalSection
	GlobalSection(SolutionProperties) = preSolution
		HideSolutionNode = FALSE
	EndGlobalSection
	GlobalSection(NestedProjects) = preSolution
		{F65B008C-889D-41D1-BA1C-019765F6965E} = {84AFDCB3-6CB6-4FFB-8924-51897DE5C75D}
		{55110191-A3C6-4EE3-9709-D254738382EB} = {114244B3-A5B6-4C64-8154-A5548224E399}
		{2973896A-83E6-42A8-A625-5C09707484B5} = {114244B3-A5B6-4C64-8154-A5548224E399}
		{A06A8E43-48B9-46BE-B9BA-825B3A60757F} = {114244B3-A5B6-4C64-8154-A5548224E399}
		{D33EB1D0-8BF9-40EE-86A8-2AED6B6C4D14} = {DF249B35-837A-4AC8-A5FB-5D6EE19F5232}
		{48EAA9D8-4441-4BC9-BCF0-C412FD2A71AA} = {DF249B35-837A-4AC8-A5FB-5D6EE19F5232}
		{84AFDCB3-6CB6-4FFB-8924-51897DE5C75D} = {FB6E46DA-4B64-4E02-950E-C8E48A1A2267}
		{2B1E82F2-B01A-4EBA-A966-BB458F04BD21} = {FB6E46DA-4B64-4E02-950E-C8E48A1A2267}
		{921CFBA4-FED1-4897-BEC1-A1D739238BA5} = {2B1E82F2-B01A-4EBA-A966-BB458F04BD21}
		{876E723A-21D2-46B9-81C1-C2E64331162A} = {3750ABB0-A741-4FE5-B844-ED9E1477AFC7}
	EndGlobalSection
	GlobalSection(ExtensibilityGlobals) = postSolution
		SolutionGuid = {7967A8E4-9DA0-470D-ADE1-779D4453F0D2}
	EndGlobalSection
EndGlobal
